
Microsoft Visual Studio Solution File, Format Version 12.00
# Visual Studio Version 16
VisualStudioVersion = 16.0.31729.503
MinimumVisualStudioVersion = 10.0.40219.1
Project("{9A19103F-16F7-4668-BE54-9A1E7A4F7556}") = "Backend", "Backend\Backend.csproj", "{1E2530C1-8DD1-47C5-8F63-BB72C79DEE51}"
EndProject
Global
	GlobalSection(SolutionConfigurationPlatforms) = preSolution
		Debug|Any CPU = Debug|Any CPU
		Release|Any CPU = Release|Any CPU
	EndGlobalSection
	GlobalSection(ProjectConfigurationPlatforms) = postSolution
		{1E2530C1-8DD1-47C5-8F63-BB72C79DEE51}.Debug|Any CPU.ActiveCfg = Debug|Any CPU
		{1E2530C1-8DD1-47C5-8F63-BB72C79DEE51}.Debug|Any CPU.Build.0 = Debug|Any CPU
		{1E2530C1-8DD1-47C5-8F63-BB72C79DEE51}.Release|Any CPU.ActiveCfg = Release|Any CPU
		{1E2530C1-8DD1-47C5-8F63-BB72C79DEE51}.Release|Any CPU.Build.0 = Release|Any CPU
	EndGlobalSection
	GlobalSection(SolutionProperties) = preSolution
		HideSolutionNode = FALSE
	EndGlobalSection
	GlobalSection(ExtensibilityGlobals) = postSolution
		SolutionGuid = {F334BFD8-0273-4069-9DCF-BE6A964D3D83}
	EndGlobalSection
EndGlobal
