
Microsoft Visual Studio Solution File, Format Version 12.00
# Visual Studio Version 17
VisualStudioVersion = 17.4.33205.214
MinimumVisualStudioVersion = 10.0.40219.1
Project("{9A19103F-16F7-4668-BE54-9A1E7A4F7556}") = "WebApi", "WebApi\WebApi.csproj", "{1E2530C1-8DD1-47C5-8F63-BB72C79DEE51}"
EndProject
Project("{2150E333-8FDC-42A3-9474-1A3956D46DE8}") = "Compose", "Compose", "{4D2658D9-F25B-40DD-8300-8902737AA061}"
	ProjectSection(SolutionItems) = preProject
		docker-compose.yml = docker-compose.yml
	EndProjectSection
EndProject
Project("{FAE04EC0-301F-11D3-BF4B-00C04F79EFBC}") = "Infrastructure", "Infrastructure\Infrastructure.csproj", "{10DCD84F-7D0F-43EC-866A-9F7664E5E909}"
EndProject
Project("{FAE04EC0-301F-11D3-BF4B-00C04F79EFBC}") = "BLL", "BLL\BLL.csproj", "{3942F230-F67D-4ED9-A408-54B7CD815EBC}"
EndProject
Project("{FAE04EC0-301F-11D3-BF4B-00C04F79EFBC}") = "BLL.Models", "BLL.Models\BLL.Models.csproj", "{F512146A-8B95-4F4D-BDCA-3714F958C857}"
EndProject
Global
	GlobalSection(SolutionConfigurationPlatforms) = preSolution
		Debug|Any CPU = Debug|Any CPU
		Release|Any CPU = Release|Any CPU
	EndGlobalSection
	GlobalSection(ProjectConfigurationPlatforms) = postSolution
		{1E2530C1-8DD1-47C5-8F63-BB72C79DEE51}.Debug|Any CPU.ActiveCfg = Debug|Any CPU
		{1E2530C1-8DD1-47C5-8F63-BB72C79DEE51}.Debug|Any CPU.Build.0 = Debug|Any CPU
		{1E2530C1-8DD1-47C5-8F63-BB72C79DEE51}.Release|Any CPU.ActiveCfg = Release|Any CPU
		{1E2530C1-8DD1-47C5-8F63-BB72C79DEE51}.Release|Any CPU.Build.0 = Release|Any CPU
		{10DCD84F-7D0F-43EC-866A-9F7664E5E909}.Debug|Any CPU.ActiveCfg = Debug|Any CPU
		{10DCD84F-7D0F-43EC-866A-9F7664E5E909}.Debug|Any CPU.Build.0 = Debug|Any CPU
		{10DCD84F-7D0F-43EC-866A-9F7664E5E909}.Release|Any CPU.ActiveCfg = Release|Any CPU
		{10DCD84F-7D0F-43EC-866A-9F7664E5E909}.Release|Any CPU.Build.0 = Release|Any CPU
		{3942F230-F67D-4ED9-A408-54B7CD815EBC}.Debug|Any CPU.ActiveCfg = Debug|Any CPU
		{3942F230-F67D-4ED9-A408-54B7CD815EBC}.Debug|Any CPU.Build.0 = Debug|Any CPU
		{3942F230-F67D-4ED9-A408-54B7CD815EBC}.Release|Any CPU.ActiveCfg = Release|Any CPU
		{3942F230-F67D-4ED9-A408-54B7CD815EBC}.Release|Any CPU.Build.0 = Release|Any CPU
		{F512146A-8B95-4F4D-BDCA-3714F958C857}.Debug|Any CPU.ActiveCfg = Debug|Any CPU
		{F512146A-8B95-4F4D-BDCA-3714F958C857}.Debug|Any CPU.Build.0 = Debug|Any CPU
		{F512146A-8B95-4F4D-BDCA-3714F958C857}.Release|Any CPU.ActiveCfg = Release|Any CPU
		{F512146A-8B95-4F4D-BDCA-3714F958C857}.Release|Any CPU.Build.0 = Release|Any CPU
	EndGlobalSection
	GlobalSection(SolutionProperties) = preSolution
		HideSolutionNode = FALSE
	EndGlobalSection
	GlobalSection(ExtensibilityGlobals) = postSolution
		SolutionGuid = {F334BFD8-0273-4069-9DCF-BE6A964D3D83}
	EndGlobalSection
EndGlobal
